
Microsoft Visual Studio Solution File, Format Version 12.00
# Visual Studio Version 17
VisualStudioVersion = 17.9.34622.214
MinimumVisualStudioVersion = 10.0.40219.1
Project("{8BC9CEB8-8B4A-11D0-8D11-00A0C91BC942}") = "Continuous_CBS", "Continuous_CBS.vcxproj", "{B2BEBAD3-D9BA-47B1-8663-848529B09395}"
EndProject
Global
	GlobalSection(SolutionConfigurationPlatforms) = preSolution
		Debug|x64 = Debug|x64
		Debug|x86 = Debug|x86
		Release|x64 = Release|x64
		Release|x86 = Release|x86
	EndGlobalSection
	GlobalSection(ProjectConfigurationPlatforms) = postSolution
		{B2BEBAD3-D9BA-47B1-8663-848529B09395}.Debug|x64.ActiveCfg = Debug|x64
		{B2BEBAD3-D9BA-47B1-8663-848529B09395}.Debug|x64.Build.0 = Debug|x64
		{B2BEBAD3-D9BA-47B1-8663-848529B09395}.Debug|x86.ActiveCfg = Debug|Win32
		{B2BEBAD3-D9BA-47B1-8663-848529B09395}.Debug|x86.Build.0 = Debug|Win32
		{B2BEBAD3-D9BA-47B1-8663-848529B09395}.Release|x64.ActiveCfg = Release|x64
		{B2BEBAD3-D9BA-47B1-8663-848529B09395}.Release|x64.Build.0 = Release|x64
		{B2BEBAD3-D9BA-47B1-8663-848529B09395}.Release|x86.ActiveCfg = Release|Win32
		{B2BEBAD3-D9BA-47B1-8663-848529B09395}.Release|x86.Build.0 = Release|Win32
	EndGlobalSection
	GlobalSection(SolutionProperties) = preSolution
		HideSolutionNode = FALSE
	EndGlobalSection
	GlobalSection(ExtensibilityGlobals) = postSolution
		SolutionGuid = {297DDD34-CDD4-48DD-B6C8-EDF7B2E20CF9}
	EndGlobalSection
EndGlobal
